
Microsoft Visual Studio Solution File, Format Version 12.00
# Visual Studio Version 16
VisualStudioVersion = 16.0.31402.337
MinimumVisualStudioVersion = 10.0.40219.1
Project("{FAE04EC0-301F-11D3-BF4B-00C04F79EFBC}") = "MysiaOtelApp.WebUI", "MysiaOtelApp.WebUI\MysiaOtelApp.WebUI.csproj", "{AF90DE75-8CFE-42C7-B83D-BF0DF61EA40F}"
EndProject
Global
	GlobalSection(SolutionConfigurationPlatforms) = preSolution
		Debug|Any CPU = Debug|Any CPU
		Release|Any CPU = Release|Any CPU
	EndGlobalSection
	GlobalSection(ProjectConfigurationPlatforms) = postSolution
		{AF90DE75-8CFE-42C7-B83D-BF0DF61EA40F}.Debug|Any CPU.ActiveCfg = Debug|Any CPU
		{AF90DE75-8CFE-42C7-B83D-BF0DF61EA40F}.Debug|Any CPU.Build.0 = Debug|Any CPU
		{AF90DE75-8CFE-42C7-B83D-BF0DF61EA40F}.Release|Any CPU.ActiveCfg = Release|Any CPU
		{AF90DE75-8CFE-42C7-B83D-BF0DF61EA40F}.Release|Any CPU.Build.0 = Release|Any CPU
	EndGlobalSection
	GlobalSection(SolutionProperties) = preSolution
		HideSolutionNode = FALSE
	EndGlobalSection
	GlobalSection(ExtensibilityGlobals) = postSolution
		SolutionGuid = {0B80329E-73ED-4759-87B9-17CE98530C5E}
	EndGlobalSection
EndGlobal
